
Microsoft Visual Studio Solution File, Format Version 12.00
# Visual Studio Version 17
VisualStudioVersion = 17.6.33723.286
MinimumVisualStudioVersion = 10.0.40219.1
Project("{FAE04EC0-301F-11D3-BF4B-00C04F79EFBC}") = "PersonelKayıtSql", "PersonelKayıtSql\PersonelKayıtSql.csproj", "{AC0ADF40-1F9E-454E-8981-07CB672A10BB}"
EndProject
Global
	GlobalSection(SolutionConfigurationPlatforms) = preSolution
		Debug|Any CPU = Debug|Any CPU
		Release|Any CPU = Release|Any CPU
	EndGlobalSection
	GlobalSection(ProjectConfigurationPlatforms) = postSolution
		{AC0ADF40-1F9E-454E-8981-07CB672A10BB}.Debug|Any CPU.ActiveCfg = Debug|Any CPU
		{AC0ADF40-1F9E-454E-8981-07CB672A10BB}.Debug|Any CPU.Build.0 = Debug|Any CPU
		{AC0ADF40-1F9E-454E-8981-07CB672A10BB}.Release|Any CPU.ActiveCfg = Release|Any CPU
		{AC0ADF40-1F9E-454E-8981-07CB672A10BB}.Release|Any CPU.Build.0 = Release|Any CPU
	EndGlobalSection
	GlobalSection(SolutionProperties) = preSolution
		HideSolutionNode = FALSE
	EndGlobalSection
	GlobalSection(ExtensibilityGlobals) = postSolution
		SolutionGuid = {B306C3E8-09BD-4209-BCAB-93270E5AB727}
	EndGlobalSection
EndGlobal
